
Microsoft Visual Studio Solution File, Format Version 12.00
# Visual Studio Version 16
VisualStudioVersion = 16.0.29424.173
MinimumVisualStudioVersion = 10.0.40219.1
Project("{9A19103F-16F7-4668-BE54-9A1E7A4F7556}") = "SignalR.Api", "SignalR.Api\SignalR.Api.csproj", "{660EA8E2-15C2-4C0E-A567-4440E99598B1}"
EndProject
Project("{9A19103F-16F7-4668-BE54-9A1E7A4F7556}") = "SignalR.Web", "SignalR.Web\SignalR.Web.csproj", "{1B4AF2DE-36DF-40A2-BD70-917B173FF234}"
EndProject
Project("{FAE04EC0-301F-11D3-BF4B-00C04F79EFBC}") = "Covid.Api", "Covid.Api\Covid.Api.csproj", "{DA595F0F-E244-480D-80DD-549E71030C82}"
EndProject
Global
	GlobalSection(SolutionConfigurationPlatforms) = preSolution
		Debug|Any CPU = Debug|Any CPU
		Release|Any CPU = Release|Any CPU
	EndGlobalSection
	GlobalSection(ProjectConfigurationPlatforms) = postSolution
		{660EA8E2-15C2-4C0E-A567-4440E99598B1}.Debug|Any CPU.ActiveCfg = Debug|Any CPU
		{660EA8E2-15C2-4C0E-A567-4440E99598B1}.Debug|Any CPU.Build.0 = Debug|Any CPU
		{660EA8E2-15C2-4C0E-A567-4440E99598B1}.Release|Any CPU.ActiveCfg = Release|Any CPU
		{660EA8E2-15C2-4C0E-A567-4440E99598B1}.Release|Any CPU.Build.0 = Release|Any CPU
		{1B4AF2DE-36DF-40A2-BD70-917B173FF234}.Debug|Any CPU.ActiveCfg = Debug|Any CPU
		{1B4AF2DE-36DF-40A2-BD70-917B173FF234}.Debug|Any CPU.Build.0 = Debug|Any CPU
		{1B4AF2DE-36DF-40A2-BD70-917B173FF234}.Release|Any CPU.ActiveCfg = Release|Any CPU
		{1B4AF2DE-36DF-40A2-BD70-917B173FF234}.Release|Any CPU.Build.0 = Release|Any CPU
		{DA595F0F-E244-480D-80DD-549E71030C82}.Debug|Any CPU.ActiveCfg = Debug|Any CPU
		{DA595F0F-E244-480D-80DD-549E71030C82}.Debug|Any CPU.Build.0 = Debug|Any CPU
		{DA595F0F-E244-480D-80DD-549E71030C82}.Release|Any CPU.ActiveCfg = Release|Any CPU
		{DA595F0F-E244-480D-80DD-549E71030C82}.Release|Any CPU.Build.0 = Release|Any CPU
	EndGlobalSection
	GlobalSection(SolutionProperties) = preSolution
		HideSolutionNode = FALSE
	EndGlobalSection
	GlobalSection(ExtensibilityGlobals) = postSolution
		SolutionGuid = {464A5829-B919-4948-A1C5-C47E1F673002}
	EndGlobalSection
EndGlobal
